
Microsoft Visual Studio Solution File, Format Version 12.00
# Visual Studio Version 17
VisualStudioVersion = 17.5.33516.290
MinimumVisualStudioVersion = 10.0.40219.1
Project("{9A19103F-16F7-4668-BE54-9A1E7A4F7556}") = "PROJECT_FINAL_BLOCK5_PRN211", "PROJECT_FINAL_BLOCK5_PRN211\PROJECT_FINAL_BLOCK5_PRN211.csproj", "{FB60E2B1-0D69-4E33-8C43-144B93E414A4}"
EndProject
Project("{2150E333-8FDC-42A3-9474-1A3956D46DE8}") = "Solution Items", "Solution Items", "{D6BC41E3-7C78-4321-B060-0AC539640E78}"
	ProjectSection(SolutionItems) = preProject
		.editorconfig = .editorconfig
	EndProjectSection
EndProject
Global
	GlobalSection(SolutionConfigurationPlatforms) = preSolution
		Debug|Any CPU = Debug|Any CPU
		Release|Any CPU = Release|Any CPU
	EndGlobalSection
	GlobalSection(ProjectConfigurationPlatforms) = postSolution
		{FB60E2B1-0D69-4E33-8C43-144B93E414A4}.Debug|Any CPU.ActiveCfg = Debug|Any CPU
		{FB60E2B1-0D69-4E33-8C43-144B93E414A4}.Debug|Any CPU.Build.0 = Debug|Any CPU
		{FB60E2B1-0D69-4E33-8C43-144B93E414A4}.Release|Any CPU.ActiveCfg = Release|Any CPU
		{FB60E2B1-0D69-4E33-8C43-144B93E414A4}.Release|Any CPU.Build.0 = Release|Any CPU
	EndGlobalSection
	GlobalSection(SolutionProperties) = preSolution
		HideSolutionNode = FALSE
	EndGlobalSection
	GlobalSection(ExtensibilityGlobals) = postSolution
		SolutionGuid = {7F915E9F-1CF8-4164-988F-889DAF3C47A6}
	EndGlobalSection
EndGlobal
